
Microsoft Visual Studio Solution File, Format Version 12.00
# Visual Studio 15
VisualStudioVersion = 15.0.26730.12
MinimumVisualStudioVersion = 10.0.40219.1
Project("{9A19103F-16F7-4668-BE54-9A1E7A4F7556}") = "Blank.NancyCore", "Blank.NancyCore\Blank.NancyCore.csproj", "{D85EAAA4-1CD1-4B3A-94C8-72F6F996F82C}"
EndProject
Project("{9A19103F-16F7-4668-BE54-9A1E7A4F7556}") = "Blank.NancyCore.Abstract", "Blank.NancyCore.Abstracts\Blank.NancyCore.Abstract.csproj", "{C0A76D9C-EF99-4AEB-ADD9-29FA918FC254}"
EndProject
Project("{9A19103F-16F7-4668-BE54-9A1E7A4F7556}") = "Blank.NancyCore.Impl", "Blank.NancyCore.Impl\Blank.NancyCore.Impl.csproj", "{73FDEDD2-217B-49CE-AFF8-0924D4F3B851}"
EndProject
Project("{9A19103F-16F7-4668-BE54-9A1E7A4F7556}") = "Blank.NancyCore.Core", "Blank.NancyCore.Core\Blank.NancyCore.Core.csproj", "{A700F393-F88E-4055-8E23-DA80D5B9E544}"
EndProject
Global
	GlobalSection(SolutionConfigurationPlatforms) = preSolution
		Debug|Any CPU = Debug|Any CPU
		Release|Any CPU = Release|Any CPU
	EndGlobalSection
	GlobalSection(ProjectConfigurationPlatforms) = postSolution
		{D85EAAA4-1CD1-4B3A-94C8-72F6F996F82C}.Debug|Any CPU.ActiveCfg = Debug|Any CPU
		{D85EAAA4-1CD1-4B3A-94C8-72F6F996F82C}.Debug|Any CPU.Build.0 = Debug|Any CPU
		{D85EAAA4-1CD1-4B3A-94C8-72F6F996F82C}.Release|Any CPU.ActiveCfg = Release|Any CPU
		{D85EAAA4-1CD1-4B3A-94C8-72F6F996F82C}.Release|Any CPU.Build.0 = Release|Any CPU
		{C0A76D9C-EF99-4AEB-ADD9-29FA918FC254}.Debug|Any CPU.ActiveCfg = Debug|Any CPU
		{C0A76D9C-EF99-4AEB-ADD9-29FA918FC254}.Debug|Any CPU.Build.0 = Debug|Any CPU
		{C0A76D9C-EF99-4AEB-ADD9-29FA918FC254}.Release|Any CPU.ActiveCfg = Release|Any CPU
		{C0A76D9C-EF99-4AEB-ADD9-29FA918FC254}.Release|Any CPU.Build.0 = Release|Any CPU
		{73FDEDD2-217B-49CE-AFF8-0924D4F3B851}.Debug|Any CPU.ActiveCfg = Debug|Any CPU
		{73FDEDD2-217B-49CE-AFF8-0924D4F3B851}.Debug|Any CPU.Build.0 = Debug|Any CPU
		{73FDEDD2-217B-49CE-AFF8-0924D4F3B851}.Release|Any CPU.ActiveCfg = Release|Any CPU
		{73FDEDD2-217B-49CE-AFF8-0924D4F3B851}.Release|Any CPU.Build.0 = Release|Any CPU
		{A700F393-F88E-4055-8E23-DA80D5B9E544}.Debug|Any CPU.ActiveCfg = Debug|Any CPU
		{A700F393-F88E-4055-8E23-DA80D5B9E544}.Debug|Any CPU.Build.0 = Debug|Any CPU
		{A700F393-F88E-4055-8E23-DA80D5B9E544}.Release|Any CPU.ActiveCfg = Release|Any CPU
		{A700F393-F88E-4055-8E23-DA80D5B9E544}.Release|Any CPU.Build.0 = Release|Any CPU
	EndGlobalSection
	GlobalSection(SolutionProperties) = preSolution
		HideSolutionNode = FALSE
	EndGlobalSection
	GlobalSection(ExtensibilityGlobals) = postSolution
		SolutionGuid = {7D42AD3E-3C52-44ED-8589-09F9349B4258}
	EndGlobalSection
EndGlobal
